
Microsoft Visual Studio Solution File, Format Version 12.00
# Visual Studio Version 16
VisualStudioVersion = 16.0.30114.105
MinimumVisualStudioVersion = 10.0.40219.1
Project("{2150E333-8FDC-42A3-9474-1A3956D46DE8}") = "src", "src", "{7707CCB8-2BB7-4A63-BF98-2405632ADB99}"
EndProject
Project("{2150E333-8FDC-42A3-9474-1A3956D46DE8}") = "core", "core", "{AD2EFAFE-4310-4624-AEA8-0937838B0303}"
EndProject
Project("{FAE04EC0-301F-11D3-BF4B-00C04F79EFBC}") = "Travel.Domain", "src\core\Travel.Domain\Travel.Domain.csproj", "{57AAD867-0F9B-4487-8373-FE52F9A11FA5}"
EndProject
Project("{FAE04EC0-301F-11D3-BF4B-00C04F79EFBC}") = "Travel.Application", "src\core\Travel.Application\Travel.Application.csproj", "{6445F75B-CC3A-4E09-9B0B-AA503553566C}"
EndProject
Project("{2150E333-8FDC-42A3-9474-1A3956D46DE8}") = "infrastructure", "infrastructure", "{5142C800-CF3F-4FA5-B977-15CB53E3C327}"
EndProject
Project("{FAE04EC0-301F-11D3-BF4B-00C04F79EFBC}") = "Travel.Data", "src\infrastructure\Travel.Data\Travel.Data.csproj", "{63E2B2EC-24D8-4BB0-852D-887E6665DC1E}"
EndProject
Project("{FAE04EC0-301F-11D3-BF4B-00C04F79EFBC}") = "Travel.Shared", "src\infrastructure\Travel.Shared\Travel.Shared.csproj", "{8AA724B3-95FB-4541-8812-B1AD02B20090}"
EndProject
Project("{2150E333-8FDC-42A3-9474-1A3956D46DE8}") = "presentation", "presentation", "{0A9A1673-479C-4F32-8E84-8156F8253A40}"
EndProject
Project("{FAE04EC0-301F-11D3-BF4B-00C04F79EFBC}") = "Travel.WebApi", "src\presentation\Travel.WebApi\Travel.WebApi.csproj", "{9172A92C-C326-49DE-9A4D-B34CD543774B}"
EndProject
Project("{FAE04EC0-301F-11D3-BF4B-00C04F79EFBC}") = "Travel.Identities", "src\infrastructure\Travel.Identities\Travel.Identities.csproj", "{4510C07D-C25B-4560-80B2-3ADC275C0E51}"
EndProject
Global
	GlobalSection(SolutionConfigurationPlatforms) = preSolution
		Debug|Any CPU = Debug|Any CPU
		Debug|x64 = Debug|x64
		Debug|x86 = Debug|x86
		Release|Any CPU = Release|Any CPU
		Release|x64 = Release|x64
		Release|x86 = Release|x86
	EndGlobalSection
	GlobalSection(SolutionProperties) = preSolution
		HideSolutionNode = FALSE
	EndGlobalSection
	GlobalSection(ProjectConfigurationPlatforms) = postSolution
		{57AAD867-0F9B-4487-8373-FE52F9A11FA5}.Debug|Any CPU.ActiveCfg = Debug|Any CPU
		{57AAD867-0F9B-4487-8373-FE52F9A11FA5}.Debug|Any CPU.Build.0 = Debug|Any CPU
		{57AAD867-0F9B-4487-8373-FE52F9A11FA5}.Debug|x64.ActiveCfg = Debug|Any CPU
		{57AAD867-0F9B-4487-8373-FE52F9A11FA5}.Debug|x64.Build.0 = Debug|Any CPU
		{57AAD867-0F9B-4487-8373-FE52F9A11FA5}.Debug|x86.ActiveCfg = Debug|Any CPU
		{57AAD867-0F9B-4487-8373-FE52F9A11FA5}.Debug|x86.Build.0 = Debug|Any CPU
		{57AAD867-0F9B-4487-8373-FE52F9A11FA5}.Release|Any CPU.ActiveCfg = Release|Any CPU
		{57AAD867-0F9B-4487-8373-FE52F9A11FA5}.Release|Any CPU.Build.0 = Release|Any CPU
		{57AAD867-0F9B-4487-8373-FE52F9A11FA5}.Release|x64.ActiveCfg = Release|Any CPU
		{57AAD867-0F9B-4487-8373-FE52F9A11FA5}.Release|x64.Build.0 = Release|Any CPU
		{57AAD867-0F9B-4487-8373-FE52F9A11FA5}.Release|x86.ActiveCfg = Release|Any CPU
		{57AAD867-0F9B-4487-8373-FE52F9A11FA5}.Release|x86.Build.0 = Release|Any CPU
		{6445F75B-CC3A-4E09-9B0B-AA503553566C}.Debug|Any CPU.ActiveCfg = Debug|Any CPU
		{6445F75B-CC3A-4E09-9B0B-AA503553566C}.Debug|Any CPU.Build.0 = Debug|Any CPU
		{6445F75B-CC3A-4E09-9B0B-AA503553566C}.Debug|x64.ActiveCfg = Debug|Any CPU
		{6445F75B-CC3A-4E09-9B0B-AA503553566C}.Debug|x64.Build.0 = Debug|Any CPU
		{6445F75B-CC3A-4E09-9B0B-AA503553566C}.Debug|x86.ActiveCfg = Debug|Any CPU
		{6445F75B-CC3A-4E09-9B0B-AA503553566C}.Debug|x86.Build.0 = Debug|Any CPU
		{6445F75B-CC3A-4E09-9B0B-AA503553566C}.Release|Any CPU.ActiveCfg = Release|Any CPU
		{6445F75B-CC3A-4E09-9B0B-AA503553566C}.Release|Any CPU.Build.0 = Release|Any CPU
		{6445F75B-CC3A-4E09-9B0B-AA503553566C}.Release|x64.ActiveCfg = Release|Any CPU
		{6445F75B-CC3A-4E09-9B0B-AA503553566C}.Release|x64.Build.0 = Release|Any CPU
		{6445F75B-CC3A-4E09-9B0B-AA503553566C}.Release|x86.ActiveCfg = Release|Any CPU
		{6445F75B-CC3A-4E09-9B0B-AA503553566C}.Release|x86.Build.0 = Release|Any CPU
		{63E2B2EC-24D8-4BB0-852D-887E6665DC1E}.Debug|Any CPU.ActiveCfg = Debug|Any CPU
		{63E2B2EC-24D8-4BB0-852D-887E6665DC1E}.Debug|Any CPU.Build.0 = Debug|Any CPU
		{63E2B2EC-24D8-4BB0-852D-887E6665DC1E}.Debug|x64.ActiveCfg = Debug|Any CPU
		{63E2B2EC-24D8-4BB0-852D-887E6665DC1E}.Debug|x64.Build.0 = Debug|Any CPU
		{63E2B2EC-24D8-4BB0-852D-887E6665DC1E}.Debug|x86.ActiveCfg = Debug|Any CPU
		{63E2B2EC-24D8-4BB0-852D-887E6665DC1E}.Debug|x86.Build.0 = Debug|Any CPU
		{63E2B2EC-24D8-4BB0-852D-887E6665DC1E}.Release|Any CPU.ActiveCfg = Release|Any CPU
		{63E2B2EC-24D8-4BB0-852D-887E6665DC1E}.Release|Any CPU.Build.0 = Release|Any CPU
		{63E2B2EC-24D8-4BB0-852D-887E6665DC1E}.Release|x64.ActiveCfg = Release|Any CPU
		{63E2B2EC-24D8-4BB0-852D-887E6665DC1E}.Release|x64.Build.0 = Release|Any CPU
		{63E2B2EC-24D8-4BB0-852D-887E6665DC1E}.Release|x86.ActiveCfg = Release|Any CPU
		{63E2B2EC-24D8-4BB0-852D-887E6665DC1E}.Release|x86.Build.0 = Release|Any CPU
		{8AA724B3-95FB-4541-8812-B1AD02B20090}.Debug|Any CPU.ActiveCfg = Debug|Any CPU
		{8AA724B3-95FB-4541-8812-B1AD02B20090}.Debug|Any CPU.Build.0 = Debug|Any CPU
		{8AA724B3-95FB-4541-8812-B1AD02B20090}.Debug|x64.ActiveCfg = Debug|Any CPU
		{8AA724B3-95FB-4541-8812-B1AD02B20090}.Debug|x64.Build.0 = Debug|Any CPU
		{8AA724B3-95FB-4541-8812-B1AD02B20090}.Debug|x86.ActiveCfg = Debug|Any CPU
		{8AA724B3-95FB-4541-8812-B1AD02B20090}.Debug|x86.Build.0 = Debug|Any CPU
		{8AA724B3-95FB-4541-8812-B1AD02B20090}.Release|Any CPU.ActiveCfg = Release|Any CPU
		{8AA724B3-95FB-4541-8812-B1AD02B20090}.Release|Any CPU.Build.0 = Release|Any CPU
		{8AA724B3-95FB-4541-8812-B1AD02B20090}.Release|x64.ActiveCfg = Release|Any CPU
		{8AA724B3-95FB-4541-8812-B1AD02B20090}.Release|x64.Build.0 = Release|Any CPU
		{8AA724B3-95FB-4541-8812-B1AD02B20090}.Release|x86.ActiveCfg = Release|Any CPU
		{8AA724B3-95FB-4541-8812-B1AD02B20090}.Release|x86.Build.0 = Release|Any CPU
		{9172A92C-C326-49DE-9A4D-B34CD543774B}.Debug|Any CPU.ActiveCfg = Debug|Any CPU
		{9172A92C-C326-49DE-9A4D-B34CD543774B}.Debug|Any CPU.Build.0 = Debug|Any CPU
		{9172A92C-C326-49DE-9A4D-B34CD543774B}.Debug|x64.ActiveCfg = Debug|Any CPU
		{9172A92C-C326-49DE-9A4D-B34CD543774B}.Debug|x64.Build.0 = Debug|Any CPU
		{9172A92C-C326-49DE-9A4D-B34CD543774B}.Debug|x86.ActiveCfg = Debug|Any CPU
		{9172A92C-C326-49DE-9A4D-B34CD543774B}.Debug|x86.Build.0 = Debug|Any CPU
		{9172A92C-C326-49DE-9A4D-B34CD543774B}.Release|Any CPU.ActiveCfg = Release|Any CPU
		{9172A92C-C326-49DE-9A4D-B34CD543774B}.Release|Any CPU.Build.0 = Release|Any CPU
		{9172A92C-C326-49DE-9A4D-B34CD543774B}.Release|x64.ActiveCfg = Release|Any CPU
		{9172A92C-C326-49DE-9A4D-B34CD543774B}.Release|x64.Build.0 = Release|Any CPU
		{9172A92C-C326-49DE-9A4D-B34CD543774B}.Release|x86.ActiveCfg = Release|Any CPU
		{9172A92C-C326-49DE-9A4D-B34CD543774B}.Release|x86.Build.0 = Release|Any CPU
		{4510C07D-C25B-4560-80B2-3ADC275C0E51}.Debug|Any CPU.ActiveCfg = Debug|Any CPU
		{4510C07D-C25B-4560-80B2-3ADC275C0E51}.Debug|Any CPU.Build.0 = Debug|Any CPU
		{4510C07D-C25B-4560-80B2-3ADC275C0E51}.Debug|x64.ActiveCfg = Debug|Any CPU
		{4510C07D-C25B-4560-80B2-3ADC275C0E51}.Debug|x64.Build.0 = Debug|Any CPU
		{4510C07D-C25B-4560-80B2-3ADC275C0E51}.Debug|x86.ActiveCfg = Debug|Any CPU
		{4510C07D-C25B-4560-80B2-3ADC275C0E51}.Debug|x86.Build.0 = Debug|Any CPU
		{4510C07D-C25B-4560-80B2-3ADC275C0E51}.Release|Any CPU.ActiveCfg = Release|Any CPU
		{4510C07D-C25B-4560-80B2-3ADC275C0E51}.Release|Any CPU.Build.0 = Release|Any CPU
		{4510C07D-C25B-4560-80B2-3ADC275C0E51}.Release|x64.ActiveCfg = Release|Any CPU
		{4510C07D-C25B-4560-80B2-3ADC275C0E51}.Release|x64.Build.0 = Release|Any CPU
		{4510C07D-C25B-4560-80B2-3ADC275C0E51}.Release|x86.ActiveCfg = Release|Any CPU
		{4510C07D-C25B-4560-80B2-3ADC275C0E51}.Release|x86.Build.0 = Release|Any CPU
	EndGlobalSection
	GlobalSection(NestedProjects) = preSolution
		{AD2EFAFE-4310-4624-AEA8-0937838B0303} = {7707CCB8-2BB7-4A63-BF98-2405632ADB99}
		{57AAD867-0F9B-4487-8373-FE52F9A11FA5} = {AD2EFAFE-4310-4624-AEA8-0937838B0303}
		{6445F75B-CC3A-4E09-9B0B-AA503553566C} = {AD2EFAFE-4310-4624-AEA8-0937838B0303}
		{5142C800-CF3F-4FA5-B977-15CB53E3C327} = {7707CCB8-2BB7-4A63-BF98-2405632ADB99}
		{63E2B2EC-24D8-4BB0-852D-887E6665DC1E} = {5142C800-CF3F-4FA5-B977-15CB53E3C327}
		{8AA724B3-95FB-4541-8812-B1AD02B20090} = {5142C800-CF3F-4FA5-B977-15CB53E3C327}
		{0A9A1673-479C-4F32-8E84-8156F8253A40} = {7707CCB8-2BB7-4A63-BF98-2405632ADB99}
		{9172A92C-C326-49DE-9A4D-B34CD543774B} = {0A9A1673-479C-4F32-8E84-8156F8253A40}
		{4510C07D-C25B-4560-80B2-3ADC275C0E51} = {5142C800-CF3F-4FA5-B977-15CB53E3C327}
	EndGlobalSection
EndGlobal
